
Microsoft Visual Studio Solution File, Format Version 12.00
# Visual Studio Version 17
VisualStudioVersion = 17.14.37628.2 d17.14
MinimumVisualStudioVersion = 10.0.40219.1
Project("{FAE04EC0-301F-11D3-BF4B-00C04F79EFBC}") = "DeterministicIsland", "DeterministicIsland\DeterministicIsland.csproj", "{906DC562-68F8-4ADC-BD55-1887124C992E}"
EndProject
Project("{FAE04EC0-301F-11D3-BF4B-00C04F79EFBC}") = "DeterministicIsland.Tests", "DeterministicIsland.Tests\DeterministicIsland.Tests.csproj", "{25AA5B0C-4CEE-4B4F-B394-3386FB046959}"
EndProject
Project("{FAE04EC0-301F-11D3-BF4B-00C04F79EFBC}") = "DeterministicIsland.Api", "DeterministicIsland.Api\DeterministicIsland.Api.csproj", "{5871D375-59BB-422D-84FE-91D2F13DBF1B}"
EndProject
Global
	GlobalSection(SolutionConfigurationPlatforms) = preSolution
		Debug|Any CPU = Debug|Any CPU
		Release|Any CPU = Release|Any CPU
	EndGlobalSection
	GlobalSection(ProjectConfigurationPlatforms) = postSolution
		{906DC562-68F8-4ADC-BD55-1887124C992E}.Debug|Any CPU.ActiveCfg = Debug|Any CPU
		{906DC562-68F8-4ADC-BD55-1887124C992E}.Debug|Any CPU.Build.0 = Debug|Any CPU
		{906DC562-68F8-4ADC-BD55-1887124C992E}.Release|Any CPU.ActiveCfg = Release|Any CPU
		{906DC562-68F8-4ADC-BD55-1887124C992E}.Release|Any CPU.Build.0 = Release|Any CPU
		{25AA5B0C-4CEE-4B4F-B394-3386FB046959}.Debug|Any CPU.ActiveCfg = Debug|Any CPU
		{25AA5B0C-4CEE-4B4F-B394-3386FB046959}.Debug|Any CPU.Build.0 = Debug|Any CPU
		{25AA5B0C-4CEE-4B4F-B394-3386FB046959}.Release|Any CPU.ActiveCfg = Release|Any CPU
		{25AA5B0C-4CEE-4B4F-B394-3386FB046959}.Release|Any CPU.Build.0 = Release|Any CPU
		{5871D375-59BB-422D-84FE-91D2F13DBF1B}.Debug|Any CPU.ActiveCfg = Debug|Any CPU
		{5871D375-59BB-422D-84FE-91D2F13DBF1B}.Debug|Any CPU.Build.0 = Debug|Any CPU
		{5871D375-59BB-422D-84FE-91D2F13DBF1B}.Release|Any CPU.ActiveCfg = Release|Any CPU
		{5871D375-59BB-422D-84FE-91D2F13DBF1B}.Release|Any CPU.Build.0 = Release|Any CPU
	EndGlobalSection
	GlobalSection(SolutionProperties) = preSolution
		HideSolutionNode = FALSE
	EndGlobalSection
	GlobalSection(ExtensibilityGlobals) = postSolution
		SolutionGuid = {3455D599-E42B-412F-9317-BA8F0A9FEA3D}
	EndGlobalSection
EndGlobal
